
Microsoft Visual Studio Solution File, Format Version 12.00
# Visual Studio Version 17
VisualStudioVersion = 17.7.34024.191
MinimumVisualStudioVersion = 10.0.40219.1
Project("{9A19103F-16F7-4668-BE54-9A1E7A4F7556}") = "APIClient", "APIClient.csproj", "{8457FEBC-BD84-4AAE-BAEB-C8FC39A16761}"
EndProject
Project("{9A19103F-16F7-4668-BE54-9A1E7A4F7556}") = "DataNoSQL", "DataNoSQL\DataNoSQL.csproj", "{2DD0F9E2-45EF-49CF-9735-4D12FEC99D1E}"
EndProject
Global
	GlobalSection(SolutionConfigurationPlatforms) = preSolution
		Debug|Any CPU = Debug|Any CPU
		Release|Any CPU = Release|Any CPU
	EndGlobalSection
	GlobalSection(ProjectConfigurationPlatforms) = postSolution
		{8457FEBC-BD84-4AAE-BAEB-C8FC39A16761}.Debug|Any CPU.ActiveCfg = Debug|Any CPU
		{8457FEBC-BD84-4AAE-BAEB-C8FC39A16761}.Debug|Any CPU.Build.0 = Debug|Any CPU
		{8457FEBC-BD84-4AAE-BAEB-C8FC39A16761}.Release|Any CPU.ActiveCfg = Release|Any CPU
		{8457FEBC-BD84-4AAE-BAEB-C8FC39A16761}.Release|Any CPU.Build.0 = Release|Any CPU
		{2DD0F9E2-45EF-49CF-9735-4D12FEC99D1E}.Debug|Any CPU.ActiveCfg = Debug|Any CPU
		{2DD0F9E2-45EF-49CF-9735-4D12FEC99D1E}.Debug|Any CPU.Build.0 = Debug|Any CPU
		{2DD0F9E2-45EF-49CF-9735-4D12FEC99D1E}.Release|Any CPU.ActiveCfg = Release|Any CPU
		{2DD0F9E2-45EF-49CF-9735-4D12FEC99D1E}.Release|Any CPU.Build.0 = Release|Any CPU
	EndGlobalSection
	GlobalSection(SolutionProperties) = preSolution
		HideSolutionNode = FALSE
	EndGlobalSection
	GlobalSection(ExtensibilityGlobals) = postSolution
		SolutionGuid = {A91C24DC-F133-4305-8935-054DE843A8BA}
	EndGlobalSection
EndGlobal
